
Microsoft Visual Studio Solution File, Format Version 12.00
# Visual Studio Version 16
VisualStudioVersion = 16.0.31911.196
MinimumVisualStudioVersion = 10.0.40219.1
Project("{FAE04EC0-301F-11D3-BF4B-00C04F79EFBC}") = "TestGenerator", "TestGenerator.csproj", "{1BFBA6D9-28A0-4020-BD91-11E6BA599C2F}"
EndProject
Global
	GlobalSection(SolutionConfigurationPlatforms) = preSolution
		Debug|Any CPU = Debug|Any CPU
		Release|Any CPU = Release|Any CPU
	EndGlobalSection
	GlobalSection(ProjectConfigurationPlatforms) = postSolution
		{1BFBA6D9-28A0-4020-BD91-11E6BA599C2F}.Debug|Any CPU.ActiveCfg = Debug|Any CPU
		{1BFBA6D9-28A0-4020-BD91-11E6BA599C2F}.Debug|Any CPU.Build.0 = Debug|Any CPU
		{1BFBA6D9-28A0-4020-BD91-11E6BA599C2F}.Release|Any CPU.ActiveCfg = Release|Any CPU
		{1BFBA6D9-28A0-4020-BD91-11E6BA599C2F}.Release|Any CPU.Build.0 = Release|Any CPU
	EndGlobalSection
	GlobalSection(SolutionProperties) = preSolution
		HideSolutionNode = FALSE
	EndGlobalSection
	GlobalSection(ExtensibilityGlobals) = postSolution
		SolutionGuid = {DC14C23A-4592-4FA5-BBCA-435C2DC78DA7}
	EndGlobalSection
EndGlobal
